
Microsoft Visual Studio Solution File, Format Version 12.00
# Visual Studio 2013
VisualStudioVersion = 12.0.40629.0
MinimumVisualStudioVersion = 10.0.40219.1
Project("{8BC9CEB8-8B4A-11D0-8D11-00A0C91BC942}") = "SimplifyGraph", "SimplifyGraph.vcxproj", "{48198591-E4DD-4FD3-82AE-02A9A68981F6}"
EndProject
Global
	GlobalSection(SolutionConfigurationPlatforms) = preSolution
		DebugIDA695_32|Win32 = DebugIDA695_32|Win32
		DebugIDA695_32|x64 = DebugIDA695_32|x64
		DebugIDA70_32|Win32 = DebugIDA70_32|Win32
		DebugIDA70_32|x64 = DebugIDA70_32|x64
		DebugIDA70_64|Win32 = DebugIDA70_64|Win32
		DebugIDA70_64|x64 = DebugIDA70_64|x64
		ReleaseIDA695_32|Win32 = ReleaseIDA695_32|Win32
		ReleaseIDA695_32|x64 = ReleaseIDA695_32|x64
		ReleaseIDA695_64|Win32 = ReleaseIDA695_64|Win32
		ReleaseIDA695_64|x64 = ReleaseIDA695_64|x64
		ReleaseIDA70_32|Win32 = ReleaseIDA70_32|Win32
		ReleaseIDA70_32|x64 = ReleaseIDA70_32|x64
		ReleaseIDA70_64|Win32 = ReleaseIDA70_64|Win32
		ReleaseIDA70_64|x64 = ReleaseIDA70_64|x64
	EndGlobalSection
	GlobalSection(ProjectConfigurationPlatforms) = postSolution
		{48198591-E4DD-4FD3-82AE-02A9A68981F6}.DebugIDA695_32|Win32.ActiveCfg = DebugIDA695_32|Win32
		{48198591-E4DD-4FD3-82AE-02A9A68981F6}.DebugIDA695_32|Win32.Build.0 = DebugIDA695_32|Win32
		{48198591-E4DD-4FD3-82AE-02A9A68981F6}.DebugIDA695_32|x64.ActiveCfg = DebugIDA695_32|x64
		{48198591-E4DD-4FD3-82AE-02A9A68981F6}.DebugIDA695_32|x64.Build.0 = DebugIDA695_32|x64
		{48198591-E4DD-4FD3-82AE-02A9A68981F6}.DebugIDA70_32|Win32.ActiveCfg = DebugIDA70_32|Win32
		{48198591-E4DD-4FD3-82AE-02A9A68981F6}.DebugIDA70_32|Win32.Build.0 = DebugIDA70_32|Win32
		{48198591-E4DD-4FD3-82AE-02A9A68981F6}.DebugIDA70_32|x64.ActiveCfg = DebugIDA70_32|x64
		{48198591-E4DD-4FD3-82AE-02A9A68981F6}.DebugIDA70_32|x64.Build.0 = DebugIDA70_32|x64
		{48198591-E4DD-4FD3-82AE-02A9A68981F6}.DebugIDA70_64|Win32.ActiveCfg = DebugIDA70_64|Win32
		{48198591-E4DD-4FD3-82AE-02A9A68981F6}.DebugIDA70_64|Win32.Build.0 = DebugIDA70_64|Win32
		{48198591-E4DD-4FD3-82AE-02A9A68981F6}.DebugIDA70_64|x64.ActiveCfg = DebugIDA70_64|x64
		{48198591-E4DD-4FD3-82AE-02A9A68981F6}.DebugIDA70_64|x64.Build.0 = DebugIDA70_64|x64
		{48198591-E4DD-4FD3-82AE-02A9A68981F6}.ReleaseIDA695_32|Win32.ActiveCfg = ReleaseIDA695_32|Win32
		{48198591-E4DD-4FD3-82AE-02A9A68981F6}.ReleaseIDA695_32|Win32.Build.0 = ReleaseIDA695_32|Win32
		{48198591-E4DD-4FD3-82AE-02A9A68981F6}.ReleaseIDA695_32|x64.ActiveCfg = ReleaseIDA695_32|x64
		{48198591-E4DD-4FD3-82AE-02A9A68981F6}.ReleaseIDA695_32|x64.Build.0 = ReleaseIDA695_32|x64
		{48198591-E4DD-4FD3-82AE-02A9A68981F6}.ReleaseIDA695_64|Win32.ActiveCfg = ReleaseIDA695_64|Win32
		{48198591-E4DD-4FD3-82AE-02A9A68981F6}.ReleaseIDA695_64|Win32.Build.0 = ReleaseIDA695_64|Win32
		{48198591-E4DD-4FD3-82AE-02A9A68981F6}.ReleaseIDA695_64|x64.ActiveCfg = ReleaseIDA695_64|x64
		{48198591-E4DD-4FD3-82AE-02A9A68981F6}.ReleaseIDA695_64|x64.Build.0 = ReleaseIDA695_64|x64
		{48198591-E4DD-4FD3-82AE-02A9A68981F6}.ReleaseIDA70_32|Win32.ActiveCfg = ReleaseIDA70_32|Win32
		{48198591-E4DD-4FD3-82AE-02A9A68981F6}.ReleaseIDA70_32|Win32.Build.0 = ReleaseIDA70_32|Win32
		{48198591-E4DD-4FD3-82AE-02A9A68981F6}.ReleaseIDA70_32|x64.ActiveCfg = ReleaseIDA70_32|x64
		{48198591-E4DD-4FD3-82AE-02A9A68981F6}.ReleaseIDA70_32|x64.Build.0 = ReleaseIDA70_32|x64
		{48198591-E4DD-4FD3-82AE-02A9A68981F6}.ReleaseIDA70_64|Win32.ActiveCfg = ReleaseIDA70_64|Win32
		{48198591-E4DD-4FD3-82AE-02A9A68981F6}.ReleaseIDA70_64|Win32.Build.0 = ReleaseIDA70_64|Win32
		{48198591-E4DD-4FD3-82AE-02A9A68981F6}.ReleaseIDA70_64|x64.ActiveCfg = ReleaseIDA70_64|x64
		{48198591-E4DD-4FD3-82AE-02A9A68981F6}.ReleaseIDA70_64|x64.Build.0 = ReleaseIDA70_64|x64
	EndGlobalSection
	GlobalSection(SolutionProperties) = preSolution
		HideSolutionNode = FALSE
	EndGlobalSection
EndGlobal
